
Microsoft Visual Studio Solution File, Format Version 12.00
Project("{FAE04EC0-301F-11D3-BF4B-00C04F79EFBC}") = "Mini", "Mini\Mini.csproj", "{B353D54C-13FC-4799-90F3-A3BC17019740}"
EndProject
Global
	GlobalSection(SolutionConfigurationPlatforms) = preSolution
		Debug|Any CPU = Debug|Any CPU
		Release|Any CPU = Release|Any CPU
	EndGlobalSection
	GlobalSection(ProjectConfigurationPlatforms) = postSolution
		{B353D54C-13FC-4799-90F3-A3BC17019740}.Debug|Any CPU.ActiveCfg = Debug|Any CPU
		{B353D54C-13FC-4799-90F3-A3BC17019740}.Debug|Any CPU.Build.0 = Debug|Any CPU
		{B353D54C-13FC-4799-90F3-A3BC17019740}.Release|Any CPU.ActiveCfg = Release|Any CPU
		{B353D54C-13FC-4799-90F3-A3BC17019740}.Release|Any CPU.Build.0 = Release|Any CPU
	EndGlobalSection
EndGlobal
